
Microsoft Visual Studio Solution File, Format Version 12.00
# Visual Studio Version 16
VisualStudioVersion = 16.0.31605.320
MinimumVisualStudioVersion = 10.0.40219.1
Project("{FAE04EC0-301F-11D3-BF4B-00C04F79EFBC}") = "FirstApp", "FirstApp\FirstApp.csproj", "{ED62805F-5096-46EA-8867-ACAA51C49D66}"
EndProject
Global
	GlobalSection(SolutionConfigurationPlatforms) = preSolution
		Debug|Any CPU = Debug|Any CPU
		Release|Any CPU = Release|Any CPU
	EndGlobalSection
	GlobalSection(ProjectConfigurationPlatforms) = postSolution
		{ED62805F-5096-46EA-8867-ACAA51C49D66}.Debug|Any CPU.ActiveCfg = Debug|Any CPU
		{ED62805F-5096-46EA-8867-ACAA51C49D66}.Debug|Any CPU.Build.0 = Debug|Any CPU
		{ED62805F-5096-46EA-8867-ACAA51C49D66}.Release|Any CPU.ActiveCfg = Release|Any CPU
		{ED62805F-5096-46EA-8867-ACAA51C49D66}.Release|Any CPU.Build.0 = Release|Any CPU
	EndGlobalSection
	GlobalSection(SolutionProperties) = preSolution
		HideSolutionNode = FALSE
	EndGlobalSection
	GlobalSection(ExtensibilityGlobals) = postSolution
		SolutionGuid = {34F2C9CD-6935-45D8-A562-4343474162DA}
	EndGlobalSection
EndGlobal
